
Microsoft Visual Studio Solution File, Format Version 12.00
# Visual Studio 14
VisualStudioVersion = 14.0.23107.0
MinimumVisualStudioVersion = 10.0.40219.1
Project("{FAE04EC0-301F-11D3-BF4B-00C04F79EFBC}") = "SphinxQueryGenerator", "SphinxQueryGenerator\SphinxQueryGenerator.csproj", "{69D9AD84-F700-4121-8E22-3E52226BB55D}"
EndProject
Project("{FAE04EC0-301F-11D3-BF4B-00C04F79EFBC}") = "SphinxQueryGenerator.Test", "SphinxQueryGenerator.Test\SphinxQueryGenerator.Test.csproj", "{141655DE-5DB1-42D0-BF7D-F392F987A8EE}"
EndProject
Global
	GlobalSection(SolutionConfigurationPlatforms) = preSolution
		Debug|Any CPU = Debug|Any CPU
		Release|Any CPU = Release|Any CPU
	EndGlobalSection
	GlobalSection(ProjectConfigurationPlatforms) = postSolution
		{69D9AD84-F700-4121-8E22-3E52226BB55D}.Debug|Any CPU.ActiveCfg = Debug|Any CPU
		{69D9AD84-F700-4121-8E22-3E52226BB55D}.Debug|Any CPU.Build.0 = Debug|Any CPU
		{69D9AD84-F700-4121-8E22-3E52226BB55D}.Release|Any CPU.ActiveCfg = Release|Any CPU
		{69D9AD84-F700-4121-8E22-3E52226BB55D}.Release|Any CPU.Build.0 = Release|Any CPU
		{141655DE-5DB1-42D0-BF7D-F392F987A8EE}.Debug|Any CPU.ActiveCfg = Debug|Any CPU
		{141655DE-5DB1-42D0-BF7D-F392F987A8EE}.Debug|Any CPU.Build.0 = Debug|Any CPU
		{141655DE-5DB1-42D0-BF7D-F392F987A8EE}.Release|Any CPU.ActiveCfg = Release|Any CPU
		{141655DE-5DB1-42D0-BF7D-F392F987A8EE}.Release|Any CPU.Build.0 = Release|Any CPU
	EndGlobalSection
	GlobalSection(SolutionProperties) = preSolution
		HideSolutionNode = FALSE
	EndGlobalSection
EndGlobal
